
Microsoft Visual Studio Solution File, Format Version 12.00
# Visual Studio Version 17
VisualStudioVersion = 17.7.34031.279
MinimumVisualStudioVersion = 10.0.40219.1
Project("{FAE04EC0-301F-11D3-BF4B-00C04F79EFBC}") = "Learning_Week4", "Learning_Week4\Learning_Week4.csproj", "{D40D647B-C23D-45F0-B80D-967477C5738C}"
EndProject
Project("{FAE04EC0-301F-11D3-BF4B-00C04F79EFBC}") = "DelegateAndLambda", "DelegateAndLambda\DelegateAndLambda.csproj", "{92CF1483-2AA9-4D8B-A5A1-3EACD86C0831}"
EndProject
Global
	GlobalSection(SolutionConfigurationPlatforms) = preSolution
		Debug|Any CPU = Debug|Any CPU
		Release|Any CPU = Release|Any CPU
	EndGlobalSection
	GlobalSection(ProjectConfigurationPlatforms) = postSolution
		{D40D647B-C23D-45F0-B80D-967477C5738C}.Debug|Any CPU.ActiveCfg = Debug|Any CPU
		{D40D647B-C23D-45F0-B80D-967477C5738C}.Debug|Any CPU.Build.0 = Debug|Any CPU
		{D40D647B-C23D-45F0-B80D-967477C5738C}.Release|Any CPU.ActiveCfg = Release|Any CPU
		{D40D647B-C23D-45F0-B80D-967477C5738C}.Release|Any CPU.Build.0 = Release|Any CPU
		{92CF1483-2AA9-4D8B-A5A1-3EACD86C0831}.Debug|Any CPU.ActiveCfg = Debug|Any CPU
		{92CF1483-2AA9-4D8B-A5A1-3EACD86C0831}.Debug|Any CPU.Build.0 = Debug|Any CPU
		{92CF1483-2AA9-4D8B-A5A1-3EACD86C0831}.Release|Any CPU.ActiveCfg = Release|Any CPU
		{92CF1483-2AA9-4D8B-A5A1-3EACD86C0831}.Release|Any CPU.Build.0 = Release|Any CPU
	EndGlobalSection
	GlobalSection(SolutionProperties) = preSolution
		HideSolutionNode = FALSE
	EndGlobalSection
	GlobalSection(ExtensibilityGlobals) = postSolution
		SolutionGuid = {C1D4E6A8-2FDD-444B-B413-D0E516FEB2EA}
	EndGlobalSection
EndGlobal
